
Microsoft Visual Studio Solution File, Format Version 12.00
# Visual Studio Version 16
VisualStudioVersion = 16.0.29215.179
MinimumVisualStudioVersion = 10.0.40219.1
Project("{FAE04EC0-301F-11D3-BF4B-00C04F79EFBC}") = "Blackjack.BLL", "Blackjack.BLL\Blackjack.BLL.csproj", "{FDF0DD32-F00C-488C-A792-23E2E2354F0C}"
EndProject
Project("{FAE04EC0-301F-11D3-BF4B-00C04F79EFBC}") = "Blackjack.PL", "Blackjack.PL\Blackjack.PL.csproj", "{1D711696-0178-4B1E-9452-8432C1A173C7}"
EndProject
Global
	GlobalSection(SolutionConfigurationPlatforms) = preSolution
		Debug|Any CPU = Debug|Any CPU
		Release|Any CPU = Release|Any CPU
	EndGlobalSection
	GlobalSection(ProjectConfigurationPlatforms) = postSolution
		{FDF0DD32-F00C-488C-A792-23E2E2354F0C}.Debug|Any CPU.ActiveCfg = Debug|Any CPU
		{FDF0DD32-F00C-488C-A792-23E2E2354F0C}.Debug|Any CPU.Build.0 = Debug|Any CPU
		{FDF0DD32-F00C-488C-A792-23E2E2354F0C}.Release|Any CPU.ActiveCfg = Release|Any CPU
		{FDF0DD32-F00C-488C-A792-23E2E2354F0C}.Release|Any CPU.Build.0 = Release|Any CPU
		{1D711696-0178-4B1E-9452-8432C1A173C7}.Debug|Any CPU.ActiveCfg = Debug|Any CPU
		{1D711696-0178-4B1E-9452-8432C1A173C7}.Debug|Any CPU.Build.0 = Debug|Any CPU
		{1D711696-0178-4B1E-9452-8432C1A173C7}.Release|Any CPU.ActiveCfg = Release|Any CPU
		{1D711696-0178-4B1E-9452-8432C1A173C7}.Release|Any CPU.Build.0 = Release|Any CPU
	EndGlobalSection
	GlobalSection(SolutionProperties) = preSolution
		HideSolutionNode = FALSE
	EndGlobalSection
	GlobalSection(ExtensibilityGlobals) = postSolution
		SolutionGuid = {87B8DC74-5E0F-4A50-B54D-A2FAEEA1CC73}
	EndGlobalSection
EndGlobal
