
Microsoft Visual Studio Solution File, Format Version 12.00
# Visual Studio 15
VisualStudioVersion = 15.0.27004.2010
MinimumVisualStudioVersion = 10.0.40219.1
Project("{9A19103F-16F7-4668-BE54-9A1E7A4F7556}") = "Uppgift3", "Uppgift3\Uppgift3.csproj", "{99D28C6C-AA1E-463C-AEDE-6858E857B803}"
EndProject
Global
	GlobalSection(SolutionConfigurationPlatforms) = preSolution
		Debug|Any CPU = Debug|Any CPU
		Release|Any CPU = Release|Any CPU
	EndGlobalSection
	GlobalSection(ProjectConfigurationPlatforms) = postSolution
		{99D28C6C-AA1E-463C-AEDE-6858E857B803}.Debug|Any CPU.ActiveCfg = Debug|Any CPU
		{99D28C6C-AA1E-463C-AEDE-6858E857B803}.Debug|Any CPU.Build.0 = Debug|Any CPU
		{99D28C6C-AA1E-463C-AEDE-6858E857B803}.Release|Any CPU.ActiveCfg = Release|Any CPU
		{99D28C6C-AA1E-463C-AEDE-6858E857B803}.Release|Any CPU.Build.0 = Release|Any CPU
	EndGlobalSection
	GlobalSection(SolutionProperties) = preSolution
		HideSolutionNode = FALSE
	EndGlobalSection
	GlobalSection(ExtensibilityGlobals) = postSolution
		SolutionGuid = {CBC5AF9E-7FD4-4B80-A131-F9BBB5DAF325}
	EndGlobalSection
EndGlobal
